
Microsoft Visual Studio Solution File, Format Version 12.00
# Visual Studio Version 16
VisualStudioVersion = 16.0.31129.286
MinimumVisualStudioVersion = 10.0.40219.1
Project("{FAE04EC0-301F-11D3-BF4B-00C04F79EFBC}") = "AutoPriority", "AutoPriority.csproj", "{0D753A5E-457B-47E9-9DED-B4BE6024D60F}"
EndProject
Global
	GlobalSection(SolutionConfigurationPlatforms) = preSolution
		Debug|Any CPU = Debug|Any CPU
		Release|Any CPU = Release|Any CPU
	EndGlobalSection
	GlobalSection(ProjectConfigurationPlatforms) = postSolution
		{0D753A5E-457B-47E9-9DED-B4BE6024D60F}.Debug|Any CPU.ActiveCfg = Debug|Any CPU
		{0D753A5E-457B-47E9-9DED-B4BE6024D60F}.Debug|Any CPU.Build.0 = Debug|Any CPU
		{0D753A5E-457B-47E9-9DED-B4BE6024D60F}.Release|Any CPU.ActiveCfg = Release|Any CPU
		{0D753A5E-457B-47E9-9DED-B4BE6024D60F}.Release|Any CPU.Build.0 = Release|Any CPU
	EndGlobalSection
	GlobalSection(SolutionProperties) = preSolution
		HideSolutionNode = FALSE
	EndGlobalSection
	GlobalSection(ExtensibilityGlobals) = postSolution
		SolutionGuid = {20FB69AD-1944-44C2-B922-1AC8407C1BA2}
	EndGlobalSection
EndGlobal
